// !$*UTF8*$!
{
	archiveVersion = 1;
	classes = {
	};
	objectVersion = 55;
	objects = {

/* Begin PBXBuildFile section */
		273BC17EC616C15478D56A55 /* Pods_FlixtrTests.framework in Frameworks */ = {isa = PBXBuildFile; fileRef = 0B3F511277DFB969FC3FFC6D /* Pods_FlixtrTests.framework */; };
		6E571EED285B9BC000725715 /* AppDelegate.m in Sources */ = {isa = PBXBuildFile; fileRef = 6E571EEC285B9BC000725715 /* AppDelegate.m */; };
		6E571EF0285B9BC000725715 /* SceneDelegate.m in Sources */ = {isa = PBXBuildFile; fileRef = 6E571EEF285B9BC000725715 /* SceneDelegate.m */; };
		6E571EF6285B9BC000725715 /* Main.storyboard in Resources */ = {isa = PBXBuildFile; fileRef = 6E571EF4285B9BC000725715 /* Main.storyboard */; };
		6E571EF8285B9BC100725715 /* Assets.xcassets in Resources */ = {isa = PBXBuildFile; fileRef = 6E571EF7285B9BC100725715 /* Assets.xcassets */; };
		6E571EFB285B9BC100725715 /* LaunchScreen.storyboard in Resources */ = {isa = PBXBuildFile; fileRef = 6E571EF9285B9BC100725715 /* LaunchScreen.storyboard */; };
		6E571EFE285B9BC100725715 /* main.m in Sources */ = {isa = PBXBuildFile; fileRef = 6E571EFD285B9BC100725715 /* main.m */; };
		6E571F08285B9BC100725715 /* FlixtrTests.m in Sources */ = {isa = PBXBuildFile; fileRef = 6E571F07285B9BC100725715 /* FlixtrTests.m */; };
		6E571F12285B9BC100725715 /* FlixtrUITests.m in Sources */ = {isa = PBXBuildFile; fileRef = 6E571F11285B9BC100725715 /* FlixtrUITests.m */; };
		6E571F14285B9BC100725715 /* FlixtrUITestsLaunchTests.m in Sources */ = {isa = PBXBuildFile; fileRef = 6E571F13285B9BC100725715 /* FlixtrUITestsLaunchTests.m */; };
		6E571F22285B9BDC00725715 /* MovieViewController.m in Sources */ = {isa = PBXBuildFile; fileRef = 6E571F21285B9BDC00725715 /* MovieViewController.m */; };
		6E571F6F285BA71700725715 /* MovieTableViewCell.m in Sources */ = {isa = PBXBuildFile; fileRef = 6E571F6E285BA71700725715 /* MovieTableViewCell.m */; };
		6E571F75285BD8F000725715 /* DetailsViewController.m in Sources */ = {isa = PBXBuildFile; fileRef = 6E571F74285BD8F000725715 /* DetailsViewController.m */; };
		6E571F78285BE75000725715 /* GridViewController.m in Sources */ = {isa = PBXBuildFile; fileRef = 6E571F77285BE75000725715 /* GridViewController.m */; };
		6E571F7B285BE9C400725715 /* GridCollectionViewCell.m in Sources */ = {isa = PBXBuildFile; fileRef = 6E571F7A285BE9C400725715 /* GridCollectionViewCell.m */; };
		6E571F7E285D03EF00725715 /* TrailerViewController.m in Sources */ = {isa = PBXBuildFile; fileRef = 6E571F7D285D03EF00725715 /* TrailerViewController.m */; };
		6E571F80285D047800725715 /* WebKit.framework in Frameworks */ = {isa = PBXBuildFile; fileRef = 6E571F7F285D047800725715 /* WebKit.framework */; };
		8207DE429CC7CF814C9BB299 /* Pods_Flixtr.framework in Frameworks */ = {isa = PBXBuildFile; fileRef = 77E49C05A46EF161440B421F /* Pods_Flixtr.framework */; };
		E1EA45E48FCA9AF74E84BD8D /* Pods_Flixtr_FlixtrUITests.framework in Frameworks */ = {isa = PBXBuildFile; fileRef = 5763EC6C46065EDF4638CC3A /* Pods_Flixtr_FlixtrUITests.framework */; };
/* End PBXBuildFile section */

/* Begin PBXContainerItemProxy section */
		6E571F04285B9BC100725715 /* PBXContainerItemProxy */ = {
			isa = PBXContainerItemProxy;
			containerPortal = 6E571EE0285B9BC000725715 /* Project object */;
			proxyType = 1;
			remoteGlobalIDString = 6E571EE7285B9BC000725715;
			remoteInfo = Flixtr;
		};
		6E571F0E285B9BC100725715 /* PBXContainerItemProxy */ = {
			isa = PBXContainerItemProxy;
			containerPortal = 6E571EE0285B9BC000725715 /* Project object */;
			proxyType = 1;
			remoteGlobalIDString = 6E571EE7285B9BC000725715;
			remoteInfo = Flixtr;
		};
/* End PBXContainerItemProxy section */

/* Begin PBXFileReference section */
		0B3F511277DFB969FC3FFC6D /* Pods_FlixtrTests.framework */ = {isa = PBXFileReference; explicitFileType = wrapper.framework; includeInIndex = 0; path = Pods_FlixtrTests.framework; sourceTree = BUILT_PRODUCTS_DIR; };
		0C9C36D296D5F65A99DA2F96 /* Pods-Flixtr-FlixtrUITests.release.xcconfig */ = {isa = PBXFileReference; includeInIndex = 1; lastKnownFileType = text.xcconfig; name = "Pods-Flixtr-FlixtrUITests.release.xcconfig"; path = "Target Support Files/Pods-Flixtr-FlixtrUITests/Pods-Flixtr-FlixtrUITests.release.xcconfig"; sourceTree = "<group>"; };
		14C55A25F0403B1D37729FD2 /* Pods-Flixtr.debug.xcconfig */ = {isa = PBXFileReference; includeInIndex = 1; lastKnownFileType = text.xcconfig; name = "Pods-Flixtr.debug.xcconfig"; path = "Target Support Files/Pods-Flixtr/Pods-Flixtr.debug.xcconfig"; sourceTree = "<group>"; };
		20FFACA42497C99A0E1CED02 /* Pods-FlixtrTests.release.xcconfig */ = {isa = PBXFileReference; includeInIndex = 1; lastKnownFileType = text.xcconfig; name = "Pods-FlixtrTests.release.xcconfig"; path = "Target Support Files/Pods-FlixtrTests/Pods-FlixtrTests.release.xcconfig"; sourceTree = "<group>"; };
		3DD7DBB06B51D58625A023EA /* Pods-FlixtrTests.debug.xcconfig */ = {isa = PBXFileReference; includeInIndex = 1; lastKnownFileType = text.xcconfig; name = "Pods-FlixtrTests.debug.xcconfig"; path = "Target Support Files/Pods-FlixtrTests/Pods-FlixtrTests.debug.xcconfig"; sourceTree = "<group>"; };
		468DF050944FA8AA44A2E57A /* Pods-Flixtr-FlixtrUITests.debug.xcconfig */ = {isa = PBXFileReference; includeInIndex = 1; lastKnownFileType = text.xcconfig; name = "Pods-Flixtr-FlixtrUITests.debug.xcconfig"; path = "Target Support Files/Pods-Flixtr-FlixtrUITests/Pods-Flixtr-FlixtrUITests.debug.xcconfig"; sourceTree = "<group>"; };
		5763EC6C46065EDF4638CC3A /* Pods_Flixtr_FlixtrUITests.framework */ = {isa = PBXFileReference; explicitFileType = wrapper.framework; includeInIndex = 0; path = Pods_Flixtr_FlixtrUITests.framework; sourceTree = BUILT_PRODUCTS_DIR; };
		6E571EE8285B9BC000725715 /* Flixtr.app */ = {isa = PBXFileReference; explicitFileType = wrapper.application; includeInIndex = 0; path = Flixtr.app; sourceTree = BUILT_PRODUCTS_DIR; };
		6E571EEB285B9BC000725715 /* AppDelegate.h */ = {isa = PBXFileReference; lastKnownFileType = sourcecode.c.h; path = AppDelegate.h; sourceTree = "<group>"; };
		6E571EEC285B9BC000725715 /* AppDelegate.m */ = {isa = PBXFileReference; lastKnownFileType = sourcecode.c.objc; path = AppDelegate.m; sourceTree = "<group>"; };
		6E571EEE285B9BC000725715 /* SceneDelegate.h */ = {isa = PBXFileReference; lastKnownFileType = sourcecode.c.h; path = SceneDelegate.h; sourceTree = "<group>"; };
		6E571EEF285B9BC000725715 /* SceneDelegate.m */ = {isa = PBXFileReference; lastKnownFileType = sourcecode.c.objc; path = SceneDelegate.m; sourceTree = "<group>"; };
		6E571EF5285B9BC000725715 /* Base */ = {isa = PBXFileReference; lastKnownFileType = file.storyboard; name = Base; path = Base.lproj/Main.storyboard; sourceTree = "<group>"; };
		6E571EF7285B9BC100725715 /* Assets.xcassets */ = {isa = PBXFileReference; lastKnownFileType = folder.assetcatalog; path = Assets.xcassets; sourceTree = "<group>"; };
		6E571EFA285B9BC100725715 /* Base */ = {isa = PBXFileReference; lastKnownFileType = file.storyboard; name = Base; path = Base.lproj/LaunchScreen.storyboard; sourceTree = "<group>"; };
		6E571EFC285B9BC100725715 /* Info.plist */ = {isa = PBXFileReference; lastKnownFileType = text.plist.xml; path = Info.plist; sourceTree = "<group>"; };
		6E571EFD285B9BC100725715 /* main.m */ = {isa = PBXFileReference; lastKnownFileType = sourcecode.c.objc; path = main.m; sourceTree = "<group>"; };
		6E571F03285B9BC100725715 /* FlixtrTests.xctest */ = {isa = PBXFileReference; explicitFileType = wrapper.cfbundle; includeInIndex = 0; path = FlixtrTests.xctest; sourceTree = BUILT_PRODUCTS_DIR; };
		6E571F07285B9BC100725715 /* FlixtrTests.m */ = {isa = PBXFileReference; lastKnownFileType = sourcecode.c.objc; path = FlixtrTests.m; sourceTree = "<group>"; };
		6E571F0D285B9BC100725715 /* FlixtrUITests.xctest */ = {isa = PBXFileReference; explicitFileType = wrapper.cfbundle; includeInIndex = 0; path = FlixtrUITests.xctest; sourceTree = BUILT_PRODUCTS_DIR; };
		6E571F11285B9BC100725715 /* FlixtrUITests.m */ = {isa = PBXFileReference; lastKnownFileType = sourcecode.c.objc; path = FlixtrUITests.m; sourceTree = "<group>"; };
		6E571F13285B9BC100725715 /* FlixtrUITestsLaunchTests.m */ = {isa = PBXFileReference; lastKnownFileType = sourcecode.c.objc; path = FlixtrUITestsLaunchTests.m; sourceTree = "<group>"; };
		6E571F20285B9BDC00725715 /* MovieViewController.h */ = {isa = PBXFileReference; lastKnownFileType = sourcecode.c.h; path = MovieViewController.h; sourceTree = "<group>"; };
		6E571F21285B9BDC00725715 /* MovieViewController.m */ = {isa = PBXFileReference; lastKnownFileType = sourcecode.c.objc; path = MovieViewController.m; sourceTree = "<group>"; };
		6E571F6D285BA71700725715 /* MovieTableViewCell.h */ = {isa = PBXFileReference; lastKnownFileType = sourcecode.c.h; path = MovieTableViewCell.h; sourceTree = "<group>"; };
		6E571F6E285BA71700725715 /* MovieTableViewCell.m */ = {isa = PBXFileReference; lastKnownFileType = sourcecode.c.objc; path = MovieTableViewCell.m; sourceTree = "<group>"; };
		6E571F73285BD8F000725715 /* DetailsViewController.h */ = {isa = PBXFileReference; lastKnownFileType = sourcecode.c.h; path = DetailsViewController.h; sourceTree = "<group>"; };
		6E571F74285BD8F000725715 /* DetailsViewController.m */ = {isa = PBXFileReference; lastKnownFileType = sourcecode.c.objc; path = DetailsViewController.m; sourceTree = "<group>"; };
		6E571F76285BE75000725715 /* GridViewController.h */ = {isa = PBXFileReference; lastKnownFileType = sourcecode.c.h; path = GridViewController.h; sourceTree = "<group>"; };
		6E571F77285BE75000725715 /* GridViewController.m */ = {isa = PBXFileReference; lastKnownFileType = sourcecode.c.objc; path = GridViewController.m; sourceTree = "<group>"; };
		6E571F79285BE9C400725715 /* GridCollectionViewCell.h */ = {isa = PBXFileReference; lastKnownFileType = sourcecode.c.h; path = GridCollectionViewCell.h; sourceTree = "<group>"; };
		6E571F7A285BE9C400725715 /* GridCollectionViewCell.m */ = {isa = PBXFileReference; lastKnownFileType = sourcecode.c.objc; path = GridCollectionViewCell.m; sourceTree = "<group>"; };
		6E571F7C285D03EF00725715 /* TrailerViewController.h */ = {isa = PBXFileReference; lastKnownFileType = sourcecode.c.h; path = TrailerViewController.h; sourceTree = "<group>"; };
		6E571F7D285D03EF00725715 /* TrailerViewController.m */ = {isa = PBXFileReference; lastKnownFileType = sourcecode.c.objc; path = TrailerViewController.m; sourceTree = "<group>"; };
		6E571F7F285D047800725715 /* WebKit.framework */ = {isa = PBXFileReference; lastKnownFileType = wrapper.framework; name = WebKit.framework; path = System/Library/Frameworks/WebKit.framework; sourceTree = SDKROOT; };
		77E49C05A46EF161440B421F /* Pods_Flixtr.framework */ = {isa = PBXFileReference; explicitFileType = wrapper.framework; includeInIndex = 0; path = Pods_Flixtr.framework; sourceTree = BUILT_PRODUCTS_DIR; };
		AEAA73404361BD231B5F6A31 /* Pods-Flixtr.release.xcconfig */ = {isa = PBXFileReference; includeInIndex = 1; lastKnownFileType = text.xcconfig; name = "Pods-Flixtr.release.xcconfig"; path = "Target Support Files/Pods-Flixtr/Pods-Flixtr.release.xcconfig"; sourceTree = "<group>"; };
/* End PBXFileReference section */

/* Begin PBXFrameworksBuildPhase section */
		6E571EE5285B9BC000725715 /* Frameworks */ = {
			isa = PBXFrameworksBuildPhase;
			buildActionMask = 2147483647;
			files = (
				6E571F80285D047800725715 /* WebKit.framework in Frameworks */,
				8207DE429CC7CF814C9BB299 /* Pods_Flixtr.framework in Frameworks */,
			);
			runOnlyForDeploymentPostprocessing = 0;
		};
		6E571F00285B9BC100725715 /* Frameworks */ = {
			isa = PBXFrameworksBuildPhase;
			buildActionMask = 2147483647;
			files = (
				273BC17EC616C15478D56A55 /* Pods_FlixtrTests.framework in Frameworks */,
			);
			runOnlyForDeploymentPostprocessing = 0;
		};
		6E571F0A285B9BC100725715 /* Frameworks */ = {
			isa = PBXFrameworksBuildPhase;
			buildActionMask = 2147483647;
			files = (
				E1EA45E48FCA9AF74E84BD8D /* Pods_Flixtr_FlixtrUITests.framework in Frameworks */,
			);
			runOnlyForDeploymentPostprocessing = 0;
		};
/* End PBXFrameworksBuildPhase section */

/* Begin PBXGroup section */
		6E571EDF285B9BC000725715 = {
			isa = PBXGroup;
			children = (
				6E571EEA285B9BC000725715 /* Flixtr */,
				6E571F06285B9BC100725715 /* FlixtrTests */,
				6E571F10285B9BC100725715 /* FlixtrUITests */,
				6E571EE9285B9BC000725715 /* Products */,
				76DB561AF30D17F86788748E /* Pods */,
				9938F989D2C65855D8932AAC /* Frameworks */,
			);
			sourceTree = "<group>";
		};
		6E571EE9285B9BC000725715 /* Products */ = {
			isa = PBXGroup;
			children = (
				6E571EE8285B9BC000725715 /* Flixtr.app */,
				6E571F03285B9BC100725715 /* FlixtrTests.xctest */,
				6E571F0D285B9BC100725715 /* FlixtrUITests.xctest */,
			);
			name = Products;
			sourceTree = "<group>";
		};
		6E571EEA285B9BC000725715 /* Flixtr */ = {
			isa = PBXGroup;
			children = (
				6E571EEB285B9BC000725715 /* AppDelegate.h */,
				6E571EEC285B9BC000725715 /* AppDelegate.m */,
				6E571EEE285B9BC000725715 /* SceneDelegate.h */,
				6E571EEF285B9BC000725715 /* SceneDelegate.m */,
				6E571EF4285B9BC000725715 /* Main.storyboard */,
				6E571F7C285D03EF00725715 /* TrailerViewController.h */,
				6E571F7D285D03EF00725715 /* TrailerViewController.m */,
				6E571F79285BE9C400725715 /* GridCollectionViewCell.h */,
				6E571F7A285BE9C400725715 /* GridCollectionViewCell.m */,
				6E571F76285BE75000725715 /* GridViewController.h */,
				6E571F77285BE75000725715 /* GridViewController.m */,
				6E571F6D285BA71700725715 /* MovieTableViewCell.h */,
				6E571F6E285BA71700725715 /* MovieTableViewCell.m */,
				6E571F20285B9BDC00725715 /* MovieViewController.h */,
				6E571F21285B9BDC00725715 /* MovieViewController.m */,
				6E571F73285BD8F000725715 /* DetailsViewController.h */,
				6E571F74285BD8F000725715 /* DetailsViewController.m */,
				6E571EF7285B9BC100725715 /* Assets.xcassets */,
				6E571EF9285B9BC100725715 /* LaunchScreen.storyboard */,
				6E571EFC285B9BC100725715 /* Info.plist */,
				6E571EFD285B9BC100725715 /* main.m */,
			);
			path = Flixtr;
			sourceTree = "<group>";
		};
		6E571F06285B9BC100725715 /* FlixtrTests */ = {
			isa = PBXGroup;
			children = (
				6E571F07285B9BC100725715 /* FlixtrTests.m */,
			);
			path = FlixtrTests;
			sourceTree = "<group>";
		};
		6E571F10285B9BC100725715 /* FlixtrUITests */ = {
			isa = PBXGroup;
			children = (
				6E571F11285B9BC100725715 /* FlixtrUITests.m */,
				6E571F13285B9BC100725715 /* FlixtrUITestsLaunchTests.m */,
			);
			path = FlixtrUITests;
			sourceTree = "<group>";
		};
		76DB561AF30D17F86788748E /* Pods */ = {
			isa = PBXGroup;
			children = (
				14C55A25F0403B1D37729FD2 /* Pods-Flixtr.debug.xcconfig */,
				AEAA73404361BD231B5F6A31 /* Pods-Flixtr.release.xcconfig */,
				468DF050944FA8AA44A2E57A /* Pods-Flixtr-FlixtrUITests.debug.xcconfig */,
				0C9C36D296D5F65A99DA2F96 /* Pods-Flixtr-FlixtrUITests.release.xcconfig */,
				3DD7DBB06B51D58625A023EA /* Pods-FlixtrTests.debug.xcconfig */,
				20FFACA42497C99A0E1CED02 /* Pods-FlixtrTests.release.xcconfig */,
			);
			path = Pods;
			sourceTree = "<group>";
		};
		9938F989D2C65855D8932AAC /* Frameworks */ = {
			isa = PBXGroup;
			children = (
				6E571F7F285D047800725715 /* WebKit.framework */,
				77E49C05A46EF161440B421F /* Pods_Flixtr.framework */,
				5763EC6C46065EDF4638CC3A /* Pods_Flixtr_FlixtrUITests.framework */,
				0B3F511277DFB969FC3FFC6D /* Pods_FlixtrTests.framework */,
			);
			name = Frameworks;
			sourceTree = "<group>";
		};
/* End PBXGroup section */

/* Begin PBXNativeTarget section */
		6E571EE7285B9BC000725715 /* Flixtr */ = {
			isa = PBXNativeTarget;
			buildConfigurationList = 6E571F17285B9BC100725715 /* Build configuration list for PBXNativeTarget "Flixtr" */;
			buildPhases = (
				81548CA127326E034E56A88D /* [CP] Check Pods Manifest.lock */,
				6E571EE4285B9BC000725715 /* Sources */,
				6E571EE5285B9BC000725715 /* Frameworks */,
				6E571EE6285B9BC000725715 /* Resources */,
				05DDD0F378F8FAF2F4CA71A1 /* [CP] Embed Pods Frameworks */,
			);
			buildRules = (
			);
			dependencies = (
			);
			name = Flixtr;
			productName = Flixtr;
			productReference = 6E571EE8285B9BC000725715 /* Flixtr.app */;
			productType = "com.apple.product-type.application";
		};
		6E571F02285B9BC100725715 /* FlixtrTests */ = {
			isa = PBXNativeTarget;
			buildConfigurationList = 6E571F1A285B9BC100725715 /* Build configuration list for PBXNativeTarget "FlixtrTests" */;
			buildPhases = (
				92EDFBBCDD61C7F194A4E3AC /* [CP] Check Pods Manifest.lock */,
				6E571EFF285B9BC100725715 /* Sources */,
				6E571F00285B9BC100725715 /* Frameworks */,
				6E571F01285B9BC100725715 /* Resources */,
			);
			buildRules = (
			);
			dependencies = (
				6E571F05285B9BC100725715 /* PBXTargetDependency */,
			);
			name = FlixtrTests;
			productName = FlixtrTests;
			productReference = 6E571F03285B9BC100725715 /* FlixtrTests.xctest */;
			productType = "com.apple.product-type.bundle.unit-test";
		};
		6E571F0C285B9BC100725715 /* FlixtrUITests */ = {
			isa = PBXNativeTarget;
			buildConfigurationList = 6E571F1D285B9BC100725715 /* Build configuration list for PBXNativeTarget "FlixtrUITests" */;
			buildPhases = (
				41B12C066BA7B5E3FD4B31E7 /* [CP] Check Pods Manifest.lock */,
				6E571F09285B9BC100725715 /* Sources */,
				6E571F0A285B9BC100725715 /* Frameworks */,
				6E571F0B285B9BC100725715 /* Resources */,
				B746D372A7A4832638D8ADDF /* [CP] Embed Pods Frameworks */,
			);
			buildRules = (
			);
			dependencies = (
				6E571F0F285B9BC100725715 /* PBXTargetDependency */,
			);
			name = FlixtrUITests;
			productName = FlixtrUITests;
			productReference = 6E571F0D285B9BC100725715 /* FlixtrUITests.xctest */;
			productType = "com.apple.product-type.bundle.ui-testing";
		};
/* End PBXNativeTarget section */

/* Begin PBXProject section */
		6E571EE0285B9BC000725715 /* Project object */ = {
			isa = PBXProject;
			attributes = {
				BuildIndependentTargetsInParallel = 1;
				LastUpgradeCheck = 1340;
				TargetAttributes = {
					6E571EE7285B9BC000725715 = {
						CreatedOnToolsVersion = 13.4.1;
					};
					6E571F02285B9BC100725715 = {
						CreatedOnToolsVersion = 13.4.1;
						TestTargetID = 6E571EE7285B9BC000725715;
					};
					6E571F0C285B9BC100725715 = {
						CreatedOnToolsVersion = 13.4.1;
						TestTargetID = 6E571EE7285B9BC000725715;
					};
				};
			};
			buildConfigurationList = 6E571EE3285B9BC000725715 /* Build configuration list for PBXProject "Flixtr" */;
			compatibilityVersion = "Xcode 13.0";
			developmentRegion = en;
			hasScannedForEncodings = 0;
			knownRegions = (
				en,
				Base,
			);
			mainGroup = 6E571EDF285B9BC000725715;
			productRefGroup = 6E571EE9285B9BC000725715 /* Products */;
			projectDirPath = "";
			projectRoot = "";
			targets = (
				6E571EE7285B9BC000725715 /* Flixtr */,
				6E571F02285B9BC100725715 /* FlixtrTests */,
				6E571F0C285B9BC100725715 /* FlixtrUITests */,
			);
		};
/* End PBXProject section */

/* Begin PBXResourcesBuildPhase section */
		6E571EE6285B9BC000725715 /* Resources */ = {
			isa = PBXResourcesBuildPhase;
			buildActionMask = 2147483647;
			files = (
				6E571EFB285B9BC100725715 /* LaunchScreen.storyboard in Resources */,
				6E571EF8285B9BC100725715 /* Assets.xcassets in Resources */,
				6E571EF6285B9BC000725715 /* Main.storyboard in Resources */,
			);
			runOnlyForDeploymentPostprocessing = 0;
		};
		6E571F01285B9BC100725715 /* Resources */ = {
			isa = PBXResourcesBuildPhase;
			buildActionMask = 2147483647;
			files = (
			);
			runOnlyForDeploymentPostprocessing = 0;
		};
		6E571F0B285B9BC100725715 /* Resources */ = {
			isa = PBXResourcesBuildPhase;
			buildActionMask = 2147483647;
			files = (
			);
			runOnlyForDeploymentPostprocessing = 0;
		};
/* End PBXResourcesBuildPhase section */

/* Begin PBXShellScriptBuildPhase section */
		05DDD0F378F8FAF2F4CA71A1 /* [CP] Embed Pods Frameworks */ = {
			isa = PBXShellScriptBuildPhase;
			buildActionMask = 2147483647;
			files = (
			);
			inputFileListPaths = (
				"${PODS_ROOT}/Target Support Files/Pods-Flixtr/Pods-Flixtr-frameworks-${CONFIGURATION}-input-files.xcfilelist",
			);
			name = "[CP] Embed Pods Frameworks";
			outputFileListPaths = (
				"${PODS_ROOT}/Target Support Files/Pods-Flixtr/Pods-Flixtr-frameworks-${CONFIGURATION}-output-files.xcfilelist",
			);
			runOnlyForDeploymentPostprocessing = 0;
			shellPath = /bin/sh;
			shellScript = "\"${PODS_ROOT}/Target Support Files/Pods-Flixtr/Pods-Flixtr-frameworks.sh\"\n";
			showEnvVarsInLog = 0;
		};
		41B12C066BA7B5E3FD4B31E7 /* [CP] Check Pods Manifest.lock */ = {
			isa = PBXShellScriptBuildPhase;
			buildActionMask = 2147483647;
			files = (
			);
			inputFileListPaths = (
			);
			inputPaths = (
				"${PODS_PODFILE_DIR_PATH}/Podfile.lock",
				"${PODS_ROOT}/Manifest.lock",
			);
			name = "[CP] Check Pods Manifest.lock";
			outputFileListPaths = (
			);
			outputPaths = (
				"$(DERIVED_FILE_DIR)/Pods-Flixtr-FlixtrUITests-checkManifestLockResult.txt",
			);
			runOnlyForDeploymentPostprocessing = 0;
			shellPath = /bin/sh;
			shellScript = "diff \"${PODS_PODFILE_DIR_PATH}/Podfile.lock\" \"${PODS_ROOT}/Manifest.lock\" > /dev/null\nif [ $? != 0 ] ; then\n    # print error to STDERR\n    echo \"error: The sandbox is not in sync with the Podfile.lock. Run 'pod install' or update your CocoaPods installation.\" >&2\n    exit 1\nfi\n# This output is used by Xcode 'outputs' to avoid re-running this script phase.\necho \"SUCCESS\" > \"${SCRIPT_OUTPUT_FILE_0}\"\n";
			showEnvVarsInLog = 0;
		};
		81548CA127326E034E56A88D /* [CP] Check Pods Manifest.lock */ = {
			isa = PBXShellScriptBuildPhase;
			buildActionMask = 2147483647;
			files = (
			);
			inputFileListPaths = (
			);
			inputPaths = (
				"${PODS_PODFILE_DIR_PATH}/Podfile.lock",
				"${PODS_ROOT}/Manifest.lock",
			);
			name = "[CP] Check Pods Manifest.lock";
			outputFileListPaths = (
			);
			outputPaths = (
				"$(DERIVED_FILE_DIR)/Pods-Flixtr-checkManifestLockResult.txt",
			);
			runOnlyForDeploymentPostprocessing = 0;
			shellPath = /bin/sh;
			shellScript = "diff \"${PODS_PODFILE_DIR_PATH}/Podfile.lock\" \"${PODS_ROOT}/Manifest.lock\" > /dev/null\nif [ $? != 0 ] ; then\n    # print error to STDERR\n    echo \"error: The sandbox is not in sync with the Podfile.lock. Run 'pod install' or update your CocoaPods installation.\" >&2\n    exit 1\nfi\n# This output is used by Xcode 'outputs' to avoid re-running this script phase.\necho \"SUCCESS\" > \"${SCRIPT_OUTPUT_FILE_0}\"\n";
			showEnvVarsInLog = 0;
		};
		92EDFBBCDD61C7F194A4E3AC /* [CP] Check Pods Manifest.lock */ = {
			isa = PBXShellScriptBuildPhase;
			buildActionMask = 2147483647;
			files = (
			);
			inputFileListPaths = (
			);
			inputPaths = (
				"${PODS_PODFILE_DIR_PATH}/Podfile.lock",
				"${PODS_ROOT}/Manifest.lock",
			);
			name = "[CP] Check Pods Manifest.lock";
			outputFileListPaths = (
			);
			outputPaths = (
				"$(DERIVED_FILE_DIR)/Pods-FlixtrTests-checkManifestLockResult.txt",
			);
			runOnlyForDeploymentPostprocessing = 0;
			shellPath = /bin/sh;
			shellScript = "diff \"${PODS_PODFILE_DIR_PATH}/Podfile.lock\" \"${PODS_ROOT}/Manifest.lock\" > /dev/null\nif [ $? != 0 ] ; then\n    # print error to STDERR\n    echo \"error: The sandbox is not in sync with the Podfile.lock. Run 'pod install' or update your CocoaPods installation.\" >&2\n    exit 1\nfi\n# This output is used by Xcode 'outputs' to avoid re-running this script phase.\necho \"SUCCESS\" > \"${SCRIPT_OUTPUT_FILE_0}\"\n";
			showEnvVarsInLog = 0;
		};
		B746D372A7A4832638D8ADDF /* [CP] Embed Pods Frameworks */ = {
			isa = PBXShellScriptBuildPhase;
			buildActionMask = 2147483647;
			files = (
			);
			inputFileListPaths = (
				"${PODS_ROOT}/Target Support Files/Pods-Flixtr-FlixtrUITests/Pods-Flixtr-FlixtrUITests-frameworks-${CONFIGURATION}-input-files.xcfilelist",
			);
			name = "[CP] Embed Pods Frameworks";
			outputFileListPaths = (
				"${PODS_ROOT}/Target Support Files/Pods-Flixtr-FlixtrUITests/Pods-Flixtr-FlixtrUITests-frameworks-${CONFIGURATION}-output-files.xcfilelist",
			);
			runOnlyForDeploymentPostprocessing = 0;
			shellPath = /bin/sh;
			shellScript = "\"${PODS_ROOT}/Target Support Files/Pods-Flixtr-FlixtrUITests/Pods-Flixtr-FlixtrUITests-frameworks.sh\"\n";
			showEnvVarsInLog = 0;
		};
/* End PBXShellScriptBuildPhase section */

/* Begin PBXSourcesBuildPhase section */
		6E571EE4285B9BC000725715 /* Sources */ = {
			isa = PBXSourcesBuildPhase;
			buildActionMask = 2147483647;
			files = (
				6E571F7B285BE9C400725715 /* GridCollectionViewCell.m in Sources */,
				6E571EED285B9BC000725715 /* AppDelegate.m in Sources */,
				6E571EFE285B9BC100725715 /* main.m in Sources */,
				6E571EF0285B9BC000725715 /* SceneDelegate.m in Sources */,
				6E571F78285BE75000725715 /* GridViewController.m in Sources */,
				6E571F75285BD8F000725715 /* DetailsViewController.m in Sources */,
				6E571F6F285BA71700725715 /* MovieTableViewCell.m in Sources */,
				6E571F7E285D03EF00725715 /* TrailerViewController.m in Sources */,
				6E571F22285B9BDC00725715 /* MovieViewController.m in Sources */,
			);
			runOnlyForDeploymentPostprocessing = 0;
		};
		6E571EFF285B9BC100725715 /* Sources */ = {
			isa = PBXSourcesBuildPhase;
			buildActionMask = 2147483647;
			files = (
				6E571F08285B9BC100725715 /* FlixtrTests.m in Sources */,
			);
			runOnlyForDeploymentPostprocessing = 0;
		};
		6E571F09285B9BC100725715 /* Sources */ = {
			isa = PBXSourcesBuildPhase;
			buildActionMask = 2147483647;
			files = (
				6E571F12285B9BC100725715 /* FlixtrUITests.m in Sources */,
				6E571F14285B9BC100725715 /* FlixtrUITestsLaunchTests.m in Sources */,
			);
			runOnlyForDeploymentPostprocessing = 0;
		};
/* End PBXSourcesBuildPhase section */

/* Begin PBXTargetDependency section */
		6E571F05285B9BC100725715 /* PBXTargetDependency */ = {
			isa = PBXTargetDependency;
			target = 6E571EE7285B9BC000725715 /* Flixtr */;
			targetProxy = 6E571F04285B9BC100725715 /* PBXContainerItemProxy */;
		};
		6E571F0F285B9BC100725715 /* PBXTargetDependency */ = {
			isa = PBXTargetDependency;
			target = 6E571EE7285B9BC000725715 /* Flixtr */;
			targetProxy = 6E571F0E285B9BC100725715 /* PBXContainerItemProxy */;
		};
/* End PBXTargetDependency section */

/* Begin PBXVariantGroup section */
		6E571EF4285B9BC000725715 /* Main.storyboard */ = {
			isa = PBXVariantGroup;
			children = (
				6E571EF5285B9BC000725715 /* Base */,
			);
			name = Main.storyboard;
			sourceTree = "<group>";
		};
		6E571EF9285B9BC100725715 /* LaunchScreen.storyboard */ = {
			isa = PBXVariantGroup;
			children = (
				6E571EFA285B9BC100725715 /* Base */,
			);
			name = LaunchScreen.storyboard;
			sourceTree = "<group>";
		};
/* End PBXVariantGroup section */

/* Begin XCBuildConfiguration section */
		6E571F15285B9BC100725715 /* Debug */ = {
			isa = XCBuildConfiguration;
			buildSettings = {
				ALWAYS_SEARCH_USER_PATHS = NO;
				CLANG_ANALYZER_NONNULL = YES;
				CLANG_ANALYZER_NUMBER_OBJECT_CONVERSION = YES_AGGRESSIVE;
				CLANG_CXX_LANGUAGE_STANDARD = "gnu++17";
				CLANG_ENABLE_MODULES = YES;
				CLANG_ENABLE_OBJC_ARC = YES;
				CLANG_ENABLE_OBJC_WEAK = YES;
				CLANG_WARN_BLOCK_CAPTURE_AUTORELEASING = YES;
				CLANG_WARN_BOOL_CONVERSION = YES;
				CLANG_WARN_COMMA = YES;
				CLANG_WARN_CONSTANT_CONVERSION = YES;
				CLANG_WARN_DEPRECATED_OBJC_IMPLEMENTATIONS = YES;
				CLANG_WARN_DIRECT_OBJC_ISA_USAGE = YES_ERROR;
				CLANG_WARN_DOCUMENTATION_COMMENTS = YES;
				CLANG_WARN_EMPTY_BODY = YES;
				CLANG_WARN_ENUM_CONVERSION = YES;
				CLANG_WARN_INFINITE_RECURSION = YES;
				CLANG_WARN_INT_CONVERSION = YES;
				CLANG_WARN_NON_LITERAL_NULL_CONVERSION = YES;
				CLANG_WARN_OBJC_IMPLICIT_RETAIN_SELF = YES;
				CLANG_WARN_OBJC_LITERAL_CONVERSION = YES;
				CLANG_WARN_OBJC_ROOT_CLASS = YES_ERROR;
				CLANG_WARN_QUOTED_INCLUDE_IN_FRAMEWORK_HEADER = YES;
				CLANG_WARN_RANGE_LOOP_ANALYSIS = YES;
				CLANG_WARN_STRICT_PROTOTYPES = YES;
				CLANG_WARN_SUSPICIOUS_MOVE = YES;
				CLANG_WARN_UNGUARDED_AVAILABILITY = YES_AGGRESSIVE;
				CLANG_WARN_UNREACHABLE_CODE = YES;
				CLANG_WARN__DUPLICATE_METHOD_MATCH = YES;
				COPY_PHASE_STRIP = NO;
				DEBUG_INFORMATION_FORMAT = dwarf;
				ENABLE_STRICT_OBJC_MSGSEND = YES;
				ENABLE_TESTABILITY = YES;
				GCC_C_LANGUAGE_STANDARD = gnu11;
				GCC_DYNAMIC_NO_PIC = NO;
				GCC_NO_COMMON_BLOCKS = YES;
				GCC_OPTIMIZATION_LEVEL = 0;
				GCC_PREPROCESSOR_DEFINITIONS = (
					"DEBUG=1",
					"$(inherited)",
				);
				GCC_WARN_64_TO_32_BIT_CONVERSION = YES;
				GCC_WARN_ABOUT_RETURN_TYPE = YES_ERROR;
				GCC_WARN_UNDECLARED_SELECTOR = YES;
				GCC_WARN_UNINITIALIZED_AUTOS = YES_AGGRESSIVE;
				GCC_WARN_UNUSED_FUNCTION = YES;
				GCC_WARN_UNUSED_VARIABLE = YES;
				IPHONEOS_DEPLOYMENT_TARGET = 15.5;
				MTL_ENABLE_DEBUG_INFO = INCLUDE_SOURCE;
				MTL_FAST_MATH = YES;
				ONLY_ACTIVE_ARCH = YES;
				SDKROOT = iphoneos;
			};
			name = Debug;
		};
		6E571F16285B9BC100725715 /* Release */ = {
			isa = XCBuildConfiguration;
			buildSettings = {
				ALWAYS_SEARCH_USER_PATHS = NO;
				CLANG_ANALYZER_NONNULL = YES;
				CLANG_ANALYZER_NUMBER_OBJECT_CONVERSION = YES_AGGRESSIVE;
				CLANG_CXX_LANGUAGE_STANDARD = "gnu++17";
				CLANG_ENABLE_MODULES = YES;
				CLANG_ENABLE_OBJC_ARC = YES;
				CLANG_ENABLE_OBJC_WEAK = YES;
				CLANG_WARN_BLOCK_CAPTURE_AUTORELEASING = YES;
				CLANG_WARN_BOOL_CONVERSION = YES;
				CLANG_WARN_COMMA = YES;
				CLANG_WARN_CONSTANT_CONVERSION = YES;
				CLANG_WARN_DEPRECATED_OBJC_IMPLEMENTATIONS = YES;
				CLANG_WARN_DIRECT_OBJC_ISA_USAGE = YES_ERROR;
				CLANG_WARN_DOCUMENTATION_COMMENTS = YES;
				CLANG_WARN_EMPTY_BODY = YES;
				CLANG_WARN_ENUM_CONVERSION = YES;
				CLANG_WARN_INFINITE_RECURSION = YES;
				CLANG_WARN_INT_CONVERSION = YES;
				CLANG_WARN_NON_LITERAL_NULL_CONVERSION = YES;
				CLANG_WARN_OBJC_IMPLICIT_RETAIN_SELF = YES;
				CLANG_WARN_OBJC_LITERAL_CONVERSION = YES;
				CLANG_WARN_OBJC_ROOT_CLASS = YES_ERROR;
				CLANG_WARN_QUOTED_INCLUDE_IN_FRAMEWORK_HEADER = YES;
				CLANG_WARN_RANGE_LOOP_ANALYSIS = YES;
				CLANG_WARN_STRICT_PROTOTYPES = YES;
				CLANG_WARN_SUSPICIOUS_MOVE = YES;
				CLANG_WARN_UNGUARDED_AVAILABILITY = YES_AGGRESSIVE;
				CLANG_WARN_UNREACHABLE_CODE = YES;
				CLANG_WARN__DUPLICATE_METHOD_MATCH = YES;
				COPY_PHASE_STRIP = NO;
				DEBUG_INFORMATION_FORMAT = "dwarf-with-dsym";
				ENABLE_NS_ASSERTIONS = NO;
				ENABLE_STRICT_OBJC_MSGSEND = YES;
				GCC_C_LANGUAGE_STANDARD = gnu11;
				GCC_NO_COMMON_BLOCKS = YES;
				GCC_WARN_64_TO_32_BIT_CONVERSION = YES;
				GCC_WARN_ABOUT_RETURN_TYPE = YES_ERROR;
				GCC_WARN_UNDECLARED_SELECTOR = YES;
				GCC_WARN_UNINITIALIZED_AUTOS = YES_AGGRESSIVE;
				GCC_WARN_UNUSED_FUNCTION = YES;
				GCC_WARN_UNUSED_VARIABLE = YES;
				IPHONEOS_DEPLOYMENT_TARGET = 15.5;
				MTL_ENABLE_DEBUG_INFO = NO;
				MTL_FAST_MATH = YES;
				SDKROOT = iphoneos;
				VALIDATE_PRODUCT = YES;
			};
			name = Release;
		};
		6E571F18285B9BC100725715 /* Debug */ = {
			isa = XCBuildConfiguration;
			baseConfigurationReference = 14C55A25F0403B1D37729FD2 /* Pods-Flixtr.debug.xcconfig */;
			buildSettings = {
				ASSETCATALOG_COMPILER_APPICON_NAME = AppIcon;
				ASSETCATALOG_COMPILER_GLOBAL_ACCENT_COLOR_NAME = AccentColor;
				CODE_SIGN_STYLE = Automatic;
				CURRENT_PROJECT_VERSION = 1;
				DEVELOPMENT_TEAM = BSPABJ65H3;
				GENERATE_INFOPLIST_FILE = YES;
				INFOPLIST_FILE = Flixtr/Info.plist;
				INFOPLIST_KEY_UIApplicationSupportsIndirectInputEvents = YES;
				INFOPLIST_KEY_UILaunchStoryboardName = LaunchScreen;
				INFOPLIST_KEY_UIMainStoryboardFile = Main;
				INFOPLIST_KEY_UISupportedInterfaceOrientations_iPad = "UIInterfaceOrientationPortrait UIInterfaceOrientationPortraitUpsideDown UIInterfaceOrientationLandscapeLeft UIInterfaceOrientationLandscapeRight";
				INFOPLIST_KEY_UISupportedInterfaceOrientations_iPhone = "UIInterfaceOrientationPortrait UIInterfaceOrientationLandscapeLeft UIInterfaceOrientationLandscapeRight";
				LD_RUNPATH_SEARCH_PATHS = (
					"$(inherited)",
					"@executable_path/Frameworks",
				);
				MARKETING_VERSION = 1.0;
				PRODUCT_BUNDLE_IDENTIFIER = com.codepath.Flixtr;
				PRODUCT_NAME = "$(TARGET_NAME)";
				SWIFT_EMIT_LOC_STRINGS = YES;
				TARGETED_DEVICE_FAMILY = "1,2";
			};
			name = Debug;
		};
		6E571F19285B9BC100725715 /* Release */ = {
			isa = XCBuildConfiguration;
			baseConfigurationReference = AEAA73404361BD231B5F6A31 /* Pods-Flixtr.release.xcconfig */;
			buildSettings = {
				ASSETCATALOG_COMPILER_APPICON_NAME = AppIcon;
				ASSETCATALOG_COMPILER_GLOBAL_ACCENT_COLOR_NAME = AccentColor;
				CODE_SIGN_STYLE = Automatic;
				CURRENT_PROJECT_VERSION = 1;
				DEVELOPMENT_TEAM = BSPABJ65H3;
				GENERATE_INFOPLIST_FILE = YES;
				INFOPLIST_FILE = Flixtr/Info.plist;
				INFOPLIST_KEY_UIApplicationSupportsIndirectInputEvents = YES;
				INFOPLIST_KEY_UILaunchStoryboardName = LaunchScreen;
				INFOPLIST_KEY_UIMainStoryboardFile = Main;
				INFOPLIST_KEY_UISupportedInterfaceOrientations_iPad = "UIInterfaceOrientationPortrait UIInterfaceOrientationPortraitUpsideDown UIInterfaceOrientationLandscapeLeft UIInterfaceOrientationLandscapeRight";
				INFOPLIST_KEY_UISupportedInterfaceOrientations_iPhone = "UIInterfaceOrientationPortrait UIInterfaceOrientationLandscapeLeft UIInterfaceOrientationLandscapeRight";
				LD_RUNPATH_SEARCH_PATHS = (
					"$(inherited)",
					"@executable_path/Frameworks",
				);
				MARKETING_VERSION = 1.0;
				PRODUCT_BUNDLE_IDENTIFIER = com.codepath.Flixtr;
				PRODUCT_NAME = "$(TARGET_NAME)";
				SWIFT_EMIT_LOC_STRINGS = YES;
				TARGETED_DEVICE_FAMILY = "1,2";
			};
			name = Release;
		};
		6E571F1B285B9BC100725715 /* Debug */ = {
			isa = XCBuildConfiguration;
			baseConfigurationReference = 3DD7DBB06B51D58625A023EA /* Pods-FlixtrTests.debug.xcconfig */;
			buildSettings = {
				BUNDLE_LOADER = "$(TEST_HOST)";
				CODE_SIGN_STYLE = Automatic;
				CURRENT_PROJECT_VERSION = 1;
				DEVELOPMENT_TEAM = BSPABJ65H3;
				GENERATE_INFOPLIST_FILE = YES;
				IPHONEOS_DEPLOYMENT_TARGET = 15.5;
				MARKETING_VERSION = 1.0;
				PRODUCT_BUNDLE_IDENTIFIER = com.codepath.FlixtrTests;
				PRODUCT_NAME = "$(TARGET_NAME)";
				SWIFT_EMIT_LOC_STRINGS = NO;
				TARGETED_DEVICE_FAMILY = "1,2";
				TEST_HOST = "$(BUILT_PRODUCTS_DIR)/Flixtr.app/Flixtr";
			};
			name = Debug;
		};
		6E571F1C285B9BC100725715 /* Release */ = {
			isa = XCBuildConfiguration;
			baseConfigurationReference = 20FFACA42497C99A0E1CED02 /* Pods-FlixtrTests.release.xcconfig */;
			buildSettings = {
				BUNDLE_LOADER = "$(TEST_HOST)";
				CODE_SIGN_STYLE = Automatic;
				CURRENT_PROJECT_VERSION = 1;
				DEVELOPMENT_TEAM = BSPABJ65H3;
				GENERATE_INFOPLIST_FILE = YES;
				IPHONEOS_DEPLOYMENT_TARGET = 15.5;
				MARKETING_VERSION = 1.0;
				PRODUCT_BUNDLE_IDENTIFIER = com.codepath.FlixtrTests;
				PRODUCT_NAME = "$(TARGET_NAME)";
				SWIFT_EMIT_LOC_STRINGS = NO;
				TARGETED_DEVICE_FAMILY = "1,2";
				TEST_HOST = "$(BUILT_PRODUCTS_DIR)/Flixtr.app/Flixtr";
			};
			name = Release;
		};
		6E571F1E285B9BC100725715 /* Debug */ = {
			isa = XCBuildConfiguration;
			baseConfigurationReference = 468DF050944FA8AA44A2E57A /* Pods-Flixtr-FlixtrUITests.debug.xcconfig */;
			buildSettings = {
				CODE_SIGN_STYLE = Automatic;
				CURRENT_PROJECT_VERSION = 1;
				DEVELOPMENT_TEAM = BSPABJ65H3;
				GENERATE_INFOPLIST_FILE = YES;
				MARKETING_VERSION = 1.0;
				PRODUCT_BUNDLE_IDENTIFIER = com.codepath.FlixtrUITests;
				PRODUCT_NAME = "$(TARGET_NAME)";
				SWIFT_EMIT_LOC_STRINGS = NO;
				TARGETED_DEVICE_FAMILY = "1,2";
				TEST_TARGET_NAME = Flixtr;
			};
			name = Debug;
		};
		6E571F1F285B9BC100725715 /* Release */ = {
			isa = XCBuildConfiguration;
			baseConfigurationReference = 0C9C36D296D5F65A99DA2F96 /* Pods-Flixtr-FlixtrUITests.release.xcconfig */;
			buildSettings = {
				CODE_SIGN_STYLE = Automatic;
				CURRENT_PROJECT_VERSION = 1;
				DEVELOPMENT_TEAM = BSPABJ65H3;
				GENERATE_INFOPLIST_FILE = YES;
				MARKETING_VERSION = 1.0;
				PRODUCT_BUNDLE_IDENTIFIER = com.codepath.FlixtrUITests;
				PRODUCT_NAME = "$(TARGET_NAME)";
				SWIFT_EMIT_LOC_STRINGS = NO;
				TARGETED_DEVICE_FAMILY = "1,2";
				TEST_TARGET_NAME = Flixtr;
			};
			name = Release;
		};
/* End XCBuildConfiguration section */

/* Begin XCConfigurationList section */
		6E571EE3285B9BC000725715 /* Build configuration list for PBXProject "Flixtr" */ = {
			isa = XCConfigurationList;
			buildConfigurations = (
				6E571F15285B9BC100725715 /* Debug */,
				6E571F16285B9BC100725715 /* Release */,
			);
			defaultConfigurationIsVisible = 0;
			defaultConfigurationName = Release;
		};
		6E571F17285B9BC100725715 /* Build configuration list for PBXNativeTarget "Flixtr" */ = {
			isa = XCConfigurationList;
			buildConfigurations = (
				6E571F18285B9BC100725715 /* Debug */,
				6E571F19285B9BC100725715 /* Release */,
			);
			defaultConfigurationIsVisible = 0;
			defaultConfigurationName = Release;
		};
		6E571F1A285B9BC100725715 /* Build configuration list for PBXNativeTarget "FlixtrTests" */ = {
			isa = XCConfigurationList;
			buildConfigurations = (
				6E571F1B285B9BC100725715 /* Debug */,
				6E571F1C285B9BC100725715 /* Release */,
			);
			defaultConfigurationIsVisible = 0;
			defaultConfigurationName = Release;
		};
		6E571F1D285B9BC100725715 /* Build configuration list for PBXNativeTarget "FlixtrUITests" */ = {
			isa = XCConfigurationList;
			buildConfigurations = (
				6E571F1E285B9BC100725715 /* Debug */,
				6E571F1F285B9BC100725715 /* Release */,
			);
			defaultConfigurationIsVisible = 0;
			defaultConfigurationName = Release;
		};
/* End XCConfigurationList section */
	};
	rootObject = 6E571EE0285B9BC000725715 /* Project object */;
}
